
Microsoft Visual Studio Solution File, Format Version 12.00
# Visual Studio Version 17
VisualStudioVersion = 17.12.35527.113
MinimumVisualStudioVersion = 10.0.40219.1
Project("{FAE04EC0-301F-11D3-BF4B-00C04F79EFBC}") = "FundoNotes", "FundoNotes\FundoNotes.csproj", "{58E4A000-D9FF-4DDC-9621-A364AE40188B}"
EndProject
Project("{FAE04EC0-301F-11D3-BF4B-00C04F79EFBC}") = "BussinessLayer", "FudoNotes.Bussiness\BussinessLayer.csproj", "{2221BF19-105F-4168-90BA-39F09C06C235}"
EndProject
Project("{FAE04EC0-301F-11D3-BF4B-00C04F79EFBC}") = "RepositoryLayer", "FundoNotes.Data\RepositoryLayer.csproj", "{D13F4636-B7B2-4575-AE49-EEAA7C0251D0}"
EndProject
Global
	GlobalSection(SolutionConfigurationPlatforms) = preSolution
		Debug|Any CPU = Debug|Any CPU
		Release|Any CPU = Release|Any CPU
	EndGlobalSection
	GlobalSection(ProjectConfigurationPlatforms) = postSolution
		{58E4A000-D9FF-4DDC-9621-A364AE40188B}.Debug|Any CPU.ActiveCfg = Debug|Any CPU
		{58E4A000-D9FF-4DDC-9621-A364AE40188B}.Debug|Any CPU.Build.0 = Debug|Any CPU
		{58E4A000-D9FF-4DDC-9621-A364AE40188B}.Release|Any CPU.ActiveCfg = Release|Any CPU
		{58E4A000-D9FF-4DDC-9621-A364AE40188B}.Release|Any CPU.Build.0 = Release|Any CPU
		{2221BF19-105F-4168-90BA-39F09C06C235}.Debug|Any CPU.ActiveCfg = Debug|Any CPU
		{2221BF19-105F-4168-90BA-39F09C06C235}.Debug|Any CPU.Build.0 = Debug|Any CPU
		{2221BF19-105F-4168-90BA-39F09C06C235}.Release|Any CPU.ActiveCfg = Release|Any CPU
		{2221BF19-105F-4168-90BA-39F09C06C235}.Release|Any CPU.Build.0 = Release|Any CPU
		{D13F4636-B7B2-4575-AE49-EEAA7C0251D0}.Debug|Any CPU.ActiveCfg = Debug|Any CPU
		{D13F4636-B7B2-4575-AE49-EEAA7C0251D0}.Debug|Any CPU.Build.0 = Debug|Any CPU
		{D13F4636-B7B2-4575-AE49-EEAA7C0251D0}.Release|Any CPU.ActiveCfg = Release|Any CPU
		{D13F4636-B7B2-4575-AE49-EEAA7C0251D0}.Release|Any CPU.Build.0 = Release|Any CPU
	EndGlobalSection
	GlobalSection(SolutionProperties) = preSolution
		HideSolutionNode = FALSE
	EndGlobalSection
EndGlobal
